// !$*UTF8*$!
{
	archiveVersion = 1;
	classes = {
	};
	objectVersion = 46;
	objects = {

/* Begin PBXBuildFile section */
		A501D4D11507A8B3003D9386 /* MainMenu.xib in Resources */ = {isa = PBXBuildFile; fileRef = A501D4CF1507A8B3003D9386 /* MainMenu.xib */; };
		A51C38A2181806C700F1AC8D /* Images.xcassets in Resources */ = {isa = PBXBuildFile; fileRef = A51C38A1181806C700F1AC8D /* Images.xcassets */; };
		A5302A111A444009005DB6A0 /* libimobiledevice in Frameworks */ = {isa = PBXBuildFile; fileRef = A5302A101A444009005DB6A0 /* libimobiledevice */; };
		A5302A131A444025005DB6A0 /* libZipArchive-mac.a in Frameworks */ = {isa = PBXBuildFile; fileRef = A5302A121A444025005DB6A0 /* libZipArchive-mac.a */; };
		A5302A591A445B36005DB6A0 /* JAAIOSDeviceInfoManager.m in Sources */ = {isa = PBXBuildFile; fileRef = A5302A581A445B36005DB6A0 /* JAAIOSDeviceInfoManager.m */; };
		A551C60E13E7285A00ADE661 /* dsa_pub.pem in Resources */ = {isa = PBXBuildFile; fileRef = A551C60D13E7285A00ADE661 /* dsa_pub.pem */; };
		A554D23E17CCB84F00DBE617 /* LBProgressBar.m in Sources */ = {isa = PBXBuildFile; fileRef = A554D23517CCB84F00DBE617 /* LBProgressBar.m */; };
		A575D07315A451AE0072734F /* ipswDownloaderHelp in Resources */ = {isa = PBXBuildFile; fileRef = A5E3BDDE15A4378900CB865F /* ipswDownloaderHelp */; };
		A577289913E8228700C9AB51 /* main.m in Sources */ = {isa = PBXBuildFile; fileRef = A5C4EF1B12F73A3E00A46734 /* main.m */; };
		A57BDB2D16304FE700215237 /* IPSWInfoHelper.m in Sources */ = {isa = PBXBuildFile; fileRef = A57BDB2716304FE700215237 /* IPSWInfoHelper.m */; };
		A57BDB2E16304FE700215237 /* plistParser.m in Sources */ = {isa = PBXBuildFile; fileRef = A57BDB2916304FE700215237 /* plistParser.m */; };
		A57BDB2F16304FE700215237 /* URLHelper.m in Sources */ = {isa = PBXBuildFile; fileRef = A57BDB2C16304FE700215237 /* URLHelper.m */; };
		A57BDB351630501500215237 /* Item.m in Sources */ = {isa = PBXBuildFile; fileRef = A57BDB321630501500215237 /* Item.m */; };
		A57BDB361630501500215237 /* ItemCellView.m in Sources */ = {isa = PBXBuildFile; fileRef = A57BDB341630501500215237 /* ItemCellView.m */; };
		A57BDB3A1630503A00215237 /* PreferenceController.m in Sources */ = {isa = PBXBuildFile; fileRef = A57BDB391630503A00215237 /* PreferenceController.m */; };
		A582F25C14FF78A70018372A /* DownloadsManager.m in Sources */ = {isa = PBXBuildFile; fileRef = A582F25B14FF78A70018372A /* DownloadsManager.m */; };
		A583682F195B286400828D32 /* Credits.rtf in Resources */ = {isa = PBXBuildFile; fileRef = A5836827195B286400828D32 /* Credits.rtf */; };
		A5836830195B286400828D32 /* none.pdf in Resources */ = {isa = PBXBuildFile; fileRef = A5836829195B286400828D32 /* none.pdf */; };
		A5836831195B286400828D32 /* off.pdf in Resources */ = {isa = PBXBuildFile; fileRef = A583682A195B286400828D32 /* off.pdf */; };
		A5836832195B286400828D32 /* on.pdf in Resources */ = {isa = PBXBuildFile; fileRef = A583682B195B286400828D32 /* on.pdf */; };
		A5836833195B286400828D32 /* tether.pdf in Resources */ = {isa = PBXBuildFile; fileRef = A583682C195B286400828D32 /* tether.pdf */; };
		A5836834195B286400828D32 /* Preference.xib in Resources */ = {isa = PBXBuildFile; fileRef = A583682D195B286400828D32 /* Preference.xib */; };
		A5836845195C09F600828D32 /* receipt in CopyFiles */ = {isa = PBXBuildFile; fileRef = A5836826195B286400828D32 /* receipt */; };
		A585C26C14B9F678004CEC78 /* Security.framework in Frameworks */ = {isa = PBXBuildFile; fileRef = A585C26B14B9F678004CEC78 /* Security.framework */; };
		A58926A316A5A31500063E09 /* ASIDataCompressor.m in Sources */ = {isa = PBXBuildFile; fileRef = A589269216A5A31400063E09 /* ASIDataCompressor.m */; };
		A58926A416A5A31500063E09 /* ASIDataDecompressor.m in Sources */ = {isa = PBXBuildFile; fileRef = A589269416A5A31400063E09 /* ASIDataDecompressor.m */; };
		A58926A716A5A31500063E09 /* ASIHTTPRequest.m in Sources */ = {isa = PBXBuildFile; fileRef = A589269A16A5A31400063E09 /* ASIHTTPRequest.m */; };
		A58926A816A5A31500063E09 /* ASIInputStream.m in Sources */ = {isa = PBXBuildFile; fileRef = A589269E16A5A31400063E09 /* ASIInputStream.m */; };
		A58926A916A5A31500063E09 /* ASINetworkQueue.m in Sources */ = {isa = PBXBuildFile; fileRef = A58926A016A5A31400063E09 /* ASINetworkQueue.m */; };
		A58926E516A5A3D100063E09 /* Reachability.m in Sources */ = {isa = PBXBuildFile; fileRef = A58926CD16A5A3D100063E09 /* Reachability.m */; };
		A589272C16A5A52800063E09 /* Growl.framework in Frameworks */ = {isa = PBXBuildFile; fileRef = A589272B16A5A52800063E09 /* Growl.framework */; };
		A59969F3167F3E9500374C31 /* MobileDeviceServer.m in Sources */ = {isa = PBXBuildFile; fileRef = A59969F2167F3E9500374C31 /* MobileDeviceServer.m */; };
		A5B8FF121353A0D9006091F4 /* ipswDownloaderAppDelegate.m in Sources */ = {isa = PBXBuildFile; fileRef = A5B8FF111353A0D9006091F4 /* ipswDownloaderAppDelegate.m */; };
		A5C4EF0F12F73A3E00A46734 /* Cocoa.framework in Frameworks */ = {isa = PBXBuildFile; fileRef = A5C4EF0E12F73A3E00A46734 /* Cocoa.framework */; };
		A5DCC3191375D07200E2F466 /* Localizable.strings in Resources */ = {isa = PBXBuildFile; fileRef = A5DCC3171375D07200E2F466 /* Localizable.strings */; };
		A5E1F2661A39E9FD00096443 /* Sparkle.framework in Frameworks */ = {isa = PBXBuildFile; fileRef = A5E1F2651A39E9FD00096443 /* Sparkle.framework */; };
		A5E1F2671A39EFB900096443 /* Sparkle.framework in Copy Frameworks */ = {isa = PBXBuildFile; fileRef = A5E1F2651A39E9FD00096443 /* Sparkle.framework */; settings = {ATTRIBUTES = (CodeSignOnCopy, RemoveHeadersOnCopy, ); }; };
		A5E1F2681A39F01500096443 /* Growl.framework in Copy Frameworks */ = {isa = PBXBuildFile; fileRef = A589272B16A5A52800063E09 /* Growl.framework */; settings = {ATTRIBUTES = (CodeSignOnCopy, RemoveHeadersOnCopy, ); }; };
		A5F9B076168C724900B9D51F /* DeviceInfo.m in Sources */ = {isa = PBXBuildFile; fileRef = A5F9B074168C724900B9D51F /* DeviceInfo.m */; };
		A5F9B077168C724900B9D51F /* DeviceInfo.xib in Resources */ = {isa = PBXBuildFile; fileRef = A5F9B075168C724900B9D51F /* DeviceInfo.xib */; };
		A5F9B081168CA8B800B9D51F /* NSColoredView.m in Sources */ = {isa = PBXBuildFile; fileRef = A5F9B080168CA8B800B9D51F /* NSColoredView.m */; };
		A5FA0E2C136489820084A0A8 /* AudioToolbox.framework in Frameworks */ = {isa = PBXBuildFile; fileRef = A5FA0E2B136489820084A0A8 /* AudioToolbox.framework */; };
		A5FD5699134CF0EC00D2488D /* SystemConfiguration.framework in Frameworks */ = {isa = PBXBuildFile; fileRef = A5FD5698134CF0EC00D2488D /* SystemConfiguration.framework */; };
/* End PBXBuildFile section */

/* Begin PBXCopyFilesBuildPhase section */
		A518815115AB2B0400A246D2 /* CopyFiles */ = {
			isa = PBXCopyFilesBuildPhase;
			buildActionMask = 2147483647;
			dstPath = Contents/_MASReceipt;
			dstSubfolderSpec = 1;
			files = (
				A5836845195C09F600828D32 /* receipt in CopyFiles */,
			);
			runOnlyForDeploymentPostprocessing = 0;
		};
		A5B8FF0B135396A9006091F4 /* Copy Frameworks */ = {
			isa = PBXCopyFilesBuildPhase;
			buildActionMask = 2147483647;
			dstPath = "";
			dstSubfolderSpec = 10;
			files = (
				A5E1F2681A39F01500096443 /* Growl.framework in Copy Frameworks */,
				A5E1F2671A39EFB900096443 /* Sparkle.framework in Copy Frameworks */,
			);
			name = "Copy Frameworks";
			runOnlyForDeploymentPostprocessing = 0;
		};
/* End PBXCopyFilesBuildPhase section */

/* Begin PBXFileReference section */
		A501D4D01507A8B3003D9386 /* en */ = {isa = PBXFileReference; lastKnownFileType = file.xib; name = en; path = en.lproj/MainMenu.xib; sourceTree = "<group>"; };
		A51C38A1181806C700F1AC8D /* Images.xcassets */ = {isa = PBXFileReference; lastKnownFileType = folder.assetcatalog; path = Images.xcassets; sourceTree = "<group>"; };
		A520A8971647C15300C8D207 /* it */ = {isa = PBXFileReference; lastKnownFileType = folder; name = it; path = it.lproj/ipswDownloaderHelp; sourceTree = "<group>"; };
		A520A8981647C15300C8D207 /* ar */ = {isa = PBXFileReference; lastKnownFileType = folder; name = ar; path = ar.lproj/ipswDownloaderHelp; sourceTree = "<group>"; };
		A520A8991647C15400C8D207 /* da */ = {isa = PBXFileReference; lastKnownFileType = folder; name = da; path = da.lproj/ipswDownloaderHelp; sourceTree = "<group>"; };
		A520A89A1647C15400C8D207 /* de */ = {isa = PBXFileReference; lastKnownFileType = folder; name = de; path = de.lproj/ipswDownloaderHelp; sourceTree = "<group>"; };
		A520A89B1647C15500C8D207 /* el */ = {isa = PBXFileReference; lastKnownFileType = folder; name = el; path = el.lproj/ipswDownloaderHelp; sourceTree = "<group>"; };
		A520A89C1647C15500C8D207 /* es */ = {isa = PBXFileReference; lastKnownFileType = folder; name = es; path = es.lproj/ipswDownloaderHelp; sourceTree = "<group>"; };
		A520A89D1647C15600C8D207 /* fr */ = {isa = PBXFileReference; lastKnownFileType = folder; name = fr; path = fr.lproj/ipswDownloaderHelp; sourceTree = "<group>"; };
		A520A89E1647C15600C8D207 /* ja */ = {isa = PBXFileReference; lastKnownFileType = folder; name = ja; path = ja.lproj/ipswDownloaderHelp; sourceTree = "<group>"; };
		A5302A101A444009005DB6A0 /* libimobiledevice */ = {isa = PBXFileReference; lastKnownFileType = archive.ar; name = libimobiledevice; path = "../../Library/Developer/Xcode/DerivedData/ipswDownloader-enemkdbwweewzkanngxbkhjesfqw/Build/Products/Debug/libimobiledevice"; sourceTree = "<group>"; };
		A5302A121A444025005DB6A0 /* libZipArchive-mac.a */ = {isa = PBXFileReference; lastKnownFileType = archive.ar; name = "libZipArchive-mac.a"; path = "../../Library/Developer/Xcode/DerivedData/ipswDownloader-enemkdbwweewzkanngxbkhjesfqw/Build/Products/Debug/libZipArchive-mac.a"; sourceTree = "<group>"; };
		A5302A571A445B36005DB6A0 /* JAAIOSDeviceInfoManager.h */ = {isa = PBXFileReference; fileEncoding = 4; lastKnownFileType = sourcecode.c.h; path = JAAIOSDeviceInfoManager.h; sourceTree = "<group>"; };
		A5302A581A445B36005DB6A0 /* JAAIOSDeviceInfoManager.m */ = {isa = PBXFileReference; fileEncoding = 4; lastKnownFileType = sourcecode.c.objc; path = JAAIOSDeviceInfoManager.m; sourceTree = "<group>"; };
		A53C748115E38D1300E82A75 /* ipswDownloader.entitlements */ = {isa = PBXFileReference; lastKnownFileType = text.xml; path = ipswDownloader.entitlements; sourceTree = "<group>"; };
		A551C60D13E7285A00ADE661 /* dsa_pub.pem */ = {isa = PBXFileReference; fileEncoding = 4; lastKnownFileType = text; name = dsa_pub.pem; path = ../keys/dsa_pub.pem; sourceTree = "<group>"; };
		A554D23417CCB84F00DBE617 /* LBProgressBar.h */ = {isa = PBXFileReference; fileEncoding = 4; lastKnownFileType = sourcecode.c.h; path = LBProgressBar.h; sourceTree = "<group>"; };
		A554D23517CCB84F00DBE617 /* LBProgressBar.m */ = {isa = PBXFileReference; fileEncoding = 4; lastKnownFileType = sourcecode.c.objc; path = LBProgressBar.m; sourceTree = "<group>"; };
		A57BDB2616304FE700215237 /* IPSWInfoHelper.h */ = {isa = PBXFileReference; fileEncoding = 4; lastKnownFileType = sourcecode.c.h; path = IPSWInfoHelper.h; sourceTree = "<group>"; };
		A57BDB2716304FE700215237 /* IPSWInfoHelper.m */ = {isa = PBXFileReference; fileEncoding = 4; lastKnownFileType = sourcecode.c.objc; path = IPSWInfoHelper.m; sourceTree = "<group>"; };
		A57BDB2816304FE700215237 /* plistParser.h */ = {isa = PBXFileReference; fileEncoding = 4; lastKnownFileType = sourcecode.c.h; path = plistParser.h; sourceTree = "<group>"; };
		A57BDB2916304FE700215237 /* plistParser.m */ = {isa = PBXFileReference; fileEncoding = 4; lastKnownFileType = sourcecode.c.objc; path = plistParser.m; sourceTree = "<group>"; };
		A57BDB2A16304FE700215237 /* sha1.h */ = {isa = PBXFileReference; fileEncoding = 4; lastKnownFileType = sourcecode.c.h; path = sha1.h; sourceTree = "<group>"; };
		A57BDB2B16304FE700215237 /* URLHelper.h */ = {isa = PBXFileReference; fileEncoding = 4; lastKnownFileType = sourcecode.c.h; path = URLHelper.h; sourceTree = "<group>"; };
		A57BDB2C16304FE700215237 /* URLHelper.m */ = {isa = PBXFileReference; fileEncoding = 4; lastKnownFileType = sourcecode.c.objc; path = URLHelper.m; sourceTree = "<group>"; };
		A57BDB311630501500215237 /* Item.h */ = {isa = PBXFileReference; fileEncoding = 4; lastKnownFileType = sourcecode.c.h; path = Item.h; sourceTree = "<group>"; };
		A57BDB321630501500215237 /* Item.m */ = {isa = PBXFileReference; fileEncoding = 4; lastKnownFileType = sourcecode.c.objc; path = Item.m; sourceTree = "<group>"; };
		A57BDB331630501500215237 /* ItemCellView.h */ = {isa = PBXFileReference; fileEncoding = 4; lastKnownFileType = sourcecode.c.h; path = ItemCellView.h; sourceTree = "<group>"; };
		A57BDB341630501500215237 /* ItemCellView.m */ = {isa = PBXFileReference; fileEncoding = 4; lastKnownFileType = sourcecode.c.objc; path = ItemCellView.m; sourceTree = "<group>"; };
		A57BDB381630503A00215237 /* PreferenceController.h */ = {isa = PBXFileReference; fileEncoding = 4; lastKnownFileType = sourcecode.c.h; path = PreferenceController.h; sourceTree = "<group>"; };
		A57BDB391630503A00215237 /* PreferenceController.m */ = {isa = PBXFileReference; fileEncoding = 4; lastKnownFileType = sourcecode.c.objc; path = PreferenceController.m; sourceTree = "<group>"; };
		A582F25A14FF78A70018372A /* DownloadsManager.h */ = {isa = PBXFileReference; fileEncoding = 4; lastKnownFileType = sourcecode.c.h; path = DownloadsManager.h; sourceTree = "<group>"; };
		A582F25B14FF78A70018372A /* DownloadsManager.m */ = {isa = PBXFileReference; fileEncoding = 4; lastKnownFileType = sourcecode.c.objc; path = DownloadsManager.m; sourceTree = "<group>"; };
		A5836826195B286400828D32 /* receipt */ = {isa = PBXFileReference; fileEncoding = 4; lastKnownFileType = text; path = receipt; sourceTree = "<group>"; };
		A5836827195B286400828D32 /* Credits.rtf */ = {isa = PBXFileReference; fileEncoding = 4; lastKnownFileType = text.rtf; name = Credits.rtf; path = Resources/Credits.rtf; sourceTree = "<group>"; };
		A5836829195B286400828D32 /* none.pdf */ = {isa = PBXFileReference; lastKnownFileType = image.pdf; path = none.pdf; sourceTree = "<group>"; };
		A583682A195B286400828D32 /* off.pdf */ = {isa = PBXFileReference; lastKnownFileType = image.pdf; path = off.pdf; sourceTree = "<group>"; };
		A583682B195B286400828D32 /* on.pdf */ = {isa = PBXFileReference; lastKnownFileType = image.pdf; path = on.pdf; sourceTree = "<group>"; };
		A583682C195B286400828D32 /* tether.pdf */ = {isa = PBXFileReference; lastKnownFileType = image.pdf; path = tether.pdf; sourceTree = "<group>"; };
		A583682D195B286400828D32 /* Preference.xib */ = {isa = PBXFileReference; fileEncoding = 4; lastKnownFileType = file.xib; name = Preference.xib; path = Resources/Preference.xib; sourceTree = "<group>"; };
		A585C26B14B9F678004CEC78 /* Security.framework */ = {isa = PBXFileReference; lastKnownFileType = wrapper.framework; name = Security.framework; path = System/Library/Frameworks/Security.framework; sourceTree = SDKROOT; };
		A589269016A5A31400063E09 /* ASICacheDelegate.h */ = {isa = PBXFileReference; fileEncoding = 4; lastKnownFileType = sourcecode.c.h; name = ASICacheDelegate.h; path = "External/asi-http-request/Classes/ASICacheDelegate.h"; sourceTree = SOURCE_ROOT; };
		A589269116A5A31400063E09 /* ASIDataCompressor.h */ = {isa = PBXFileReference; fileEncoding = 4; lastKnownFileType = sourcecode.c.h; name = ASIDataCompressor.h; path = "External/asi-http-request/Classes/ASIDataCompressor.h"; sourceTree = SOURCE_ROOT; };
		A589269216A5A31400063E09 /* ASIDataCompressor.m */ = {isa = PBXFileReference; fileEncoding = 4; lastKnownFileType = sourcecode.c.objc; name = ASIDataCompressor.m; path = "External/asi-http-request/Classes/ASIDataCompressor.m"; sourceTree = SOURCE_ROOT; };
		A589269316A5A31400063E09 /* ASIDataDecompressor.h */ = {isa = PBXFileReference; fileEncoding = 4; lastKnownFileType = sourcecode.c.h; name = ASIDataDecompressor.h; path = "External/asi-http-request/Classes/ASIDataDecompressor.h"; sourceTree = SOURCE_ROOT; };
		A589269416A5A31400063E09 /* ASIDataDecompressor.m */ = {isa = PBXFileReference; fileEncoding = 4; lastKnownFileType = sourcecode.c.objc; name = ASIDataDecompressor.m; path = "External/asi-http-request/Classes/ASIDataDecompressor.m"; sourceTree = SOURCE_ROOT; };
		A589269916A5A31400063E09 /* ASIHTTPRequest.h */ = {isa = PBXFileReference; fileEncoding = 4; lastKnownFileType = sourcecode.c.h; name = ASIHTTPRequest.h; path = "External/asi-http-request/Classes/ASIHTTPRequest.h"; sourceTree = SOURCE_ROOT; };
		A589269A16A5A31400063E09 /* ASIHTTPRequest.m */ = {isa = PBXFileReference; fileEncoding = 4; lastKnownFileType = sourcecode.c.objc; name = ASIHTTPRequest.m; path = "External/asi-http-request/Classes/ASIHTTPRequest.m"; sourceTree = SOURCE_ROOT; };
		A589269B16A5A31400063E09 /* ASIHTTPRequestConfig.h */ = {isa = PBXFileReference; fileEncoding = 4; lastKnownFileType = sourcecode.c.h; name = ASIHTTPRequestConfig.h; path = "External/asi-http-request/Classes/ASIHTTPRequestConfig.h"; sourceTree = SOURCE_ROOT; };
		A589269C16A5A31400063E09 /* ASIHTTPRequestDelegate.h */ = {isa = PBXFileReference; fileEncoding = 4; lastKnownFileType = sourcecode.c.h; name = ASIHTTPRequestDelegate.h; path = "External/asi-http-request/Classes/ASIHTTPRequestDelegate.h"; sourceTree = SOURCE_ROOT; };
		A589269D16A5A31400063E09 /* ASIInputStream.h */ = {isa = PBXFileReference; fileEncoding = 4; lastKnownFileType = sourcecode.c.h; name = ASIInputStream.h; path = "External/asi-http-request/Classes/ASIInputStream.h"; sourceTree = SOURCE_ROOT; };
		A589269E16A5A31400063E09 /* ASIInputStream.m */ = {isa = PBXFileReference; fileEncoding = 4; lastKnownFileType = sourcecode.c.objc; name = ASIInputStream.m; path = "External/asi-http-request/Classes/ASIInputStream.m"; sourceTree = SOURCE_ROOT; };
		A589269F16A5A31400063E09 /* ASINetworkQueue.h */ = {isa = PBXFileReference; fileEncoding = 4; lastKnownFileType = sourcecode.c.h; name = ASINetworkQueue.h; path = "External/asi-http-request/Classes/ASINetworkQueue.h"; sourceTree = SOURCE_ROOT; };
		A58926A016A5A31400063E09 /* ASINetworkQueue.m */ = {isa = PBXFileReference; fileEncoding = 4; lastKnownFileType = sourcecode.c.objc; name = ASINetworkQueue.m; path = "External/asi-http-request/Classes/ASINetworkQueue.m"; sourceTree = SOURCE_ROOT; };
		A58926A116A5A31400063E09 /* ASIProgressDelegate.h */ = {isa = PBXFileReference; fileEncoding = 4; lastKnownFileType = sourcecode.c.h; name = ASIProgressDelegate.h; path = "External/asi-http-request/Classes/ASIProgressDelegate.h"; sourceTree = SOURCE_ROOT; };
		A58926CC16A5A3D100063E09 /* Reachability.h */ = {isa = PBXFileReference; fileEncoding = 4; lastKnownFileType = sourcecode.c.h; path = Reachability.h; sourceTree = "<group>"; };
		A58926CD16A5A3D100063E09 /* Reachability.m */ = {isa = PBXFileReference; fileEncoding = 4; lastKnownFileType = sourcecode.c.objc; path = Reachability.m; sourceTree = "<group>"; };
		A589272B16A5A52800063E09 /* Growl.framework */ = {isa = PBXFileReference; lastKnownFileType = wrapper.framework; name = Growl.framework; path = Frameworks/Growl.framework; sourceTree = "<group>"; };
		A59969F1167F3E9500374C31 /* MobileDeviceServer.h */ = {isa = PBXFileReference; fileEncoding = 4; lastKnownFileType = sourcecode.c.h; path = MobileDeviceServer.h; sourceTree = "<group>"; };
		A59969F2167F3E9500374C31 /* MobileDeviceServer.m */ = {isa = PBXFileReference; fileEncoding = 4; lastKnownFileType = sourcecode.c.objc; path = MobileDeviceServer.m; sourceTree = "<group>"; };
		A59E695113E8451A0024AB3C /* da */ = {isa = PBXFileReference; lastKnownFileType = text.plist.strings; name = da; path = da.lproj/Localizable.strings; sourceTree = "<group>"; };
		A59E695213E8451E0024AB3C /* ar */ = {isa = PBXFileReference; lastKnownFileType = text.plist.strings; name = ar; path = ar.lproj/Localizable.strings; sourceTree = "<group>"; };
		A5A8271D1381C57C003F0CCE /* el */ = {isa = PBXFileReference; fileEncoding = 10; lastKnownFileType = text.plist.strings; name = el; path = el.lproj/Localizable.strings; sourceTree = "<group>"; };
		A5A8271E1381C57C003F0CCE /* ru */ = {isa = PBXFileReference; fileEncoding = 10; lastKnownFileType = text.plist.strings; name = ru; path = ru.lproj/Localizable.strings; sourceTree = "<group>"; };
		A5A8271F1381C57C003F0CCE /* it */ = {isa = PBXFileReference; fileEncoding = 10; lastKnownFileType = text.plist.strings; name = it; path = it.lproj/Localizable.strings; sourceTree = "<group>"; };
		A5A827201381C57C003F0CCE /* de */ = {isa = PBXFileReference; fileEncoding = 10; lastKnownFileType = text.plist.strings; name = de; path = de.lproj/Localizable.strings; sourceTree = "<group>"; };
		A5A827211381C57C003F0CCE /* ja */ = {isa = PBXFileReference; fileEncoding = 10; lastKnownFileType = text.plist.strings; name = ja; path = ja.lproj/Localizable.strings; sourceTree = "<group>"; };
		A5A827221381C5E3003F0CCE /* es */ = {isa = PBXFileReference; fileEncoding = 10; lastKnownFileType = text.plist.strings; name = es; path = es.lproj/Localizable.strings; sourceTree = "<group>"; };
		A5A827231381C5E9003F0CCE /* fr */ = {isa = PBXFileReference; fileEncoding = 10; lastKnownFileType = text.plist.strings; name = fr; path = fr.lproj/Localizable.strings; sourceTree = "<group>"; };
		A5AE014815335BD1001F72B9 /* ar */ = {isa = PBXFileReference; lastKnownFileType = file.xib; name = ar; path = ar.lproj/MainMenu.xib; sourceTree = "<group>"; };
		A5AE014B15335BE3001F72B9 /* da */ = {isa = PBXFileReference; lastKnownFileType = file.xib; name = da; path = da.lproj/MainMenu.xib; sourceTree = "<group>"; };
		A5AE014D15335BF0001F72B9 /* de */ = {isa = PBXFileReference; lastKnownFileType = file.xib; name = de; path = de.lproj/MainMenu.xib; sourceTree = "<group>"; };
		A5AE014F15335BFC001F72B9 /* el */ = {isa = PBXFileReference; lastKnownFileType = file.xib; name = el; path = el.lproj/MainMenu.xib; sourceTree = "<group>"; };
		A5AE015815335C21001F72B9 /* es */ = {isa = PBXFileReference; lastKnownFileType = file.xib; name = es; path = es.lproj/MainMenu.xib; sourceTree = "<group>"; };
		A5AE015A15335C39001F72B9 /* fr */ = {isa = PBXFileReference; lastKnownFileType = file.xib; name = fr; path = fr.lproj/MainMenu.xib; sourceTree = "<group>"; };
		A5AE015C15335C4B001F72B9 /* it */ = {isa = PBXFileReference; lastKnownFileType = file.xib; name = it; path = it.lproj/MainMenu.xib; sourceTree = "<group>"; };
		A5AE015E15335C57001F72B9 /* ja */ = {isa = PBXFileReference; lastKnownFileType = file.xib; name = ja; path = ja.lproj/MainMenu.xib; sourceTree = "<group>"; };
		A5AE016015335C65001F72B9 /* ru */ = {isa = PBXFileReference; lastKnownFileType = file.xib; name = ru; path = ru.lproj/MainMenu.xib; sourceTree = "<group>"; };
		A5B8FF111353A0D9006091F4 /* ipswDownloaderAppDelegate.m */ = {isa = PBXFileReference; fileEncoding = 4; lastKnownFileType = sourcecode.c.objc; path = ipswDownloaderAppDelegate.m; sourceTree = "<group>"; };
		A5C4EF0A12F73A3E00A46734 /* ipswDownloader.app */ = {isa = PBXFileReference; explicitFileType = wrapper.application; includeInIndex = 0; path = ipswDownloader.app; sourceTree = BUILT_PRODUCTS_DIR; };
		A5C4EF0E12F73A3E00A46734 /* Cocoa.framework */ = {isa = PBXFileReference; lastKnownFileType = wrapper.framework; name = Cocoa.framework; path = System/Library/Frameworks/Cocoa.framework; sourceTree = SDKROOT; };
		A5C4EF1112F73A3E00A46734 /* AppKit.framework */ = {isa = PBXFileReference; lastKnownFileType = wrapper.framework; name = AppKit.framework; path = System/Library/Frameworks/AppKit.framework; sourceTree = SDKROOT; };
		A5C4EF1212F73A3E00A46734 /* CoreData.framework */ = {isa = PBXFileReference; lastKnownFileType = wrapper.framework; name = CoreData.framework; path = System/Library/Frameworks/CoreData.framework; sourceTree = SDKROOT; };
		A5C4EF1312F73A3E00A46734 /* Foundation.framework */ = {isa = PBXFileReference; lastKnownFileType = wrapper.framework; name = Foundation.framework; path = System/Library/Frameworks/Foundation.framework; sourceTree = SDKROOT; };
		A5C4EF1612F73A3E00A46734 /* ipswDownloader-Info.plist */ = {isa = PBXFileReference; fileEncoding = 4; lastKnownFileType = text.plist.xml; path = "ipswDownloader-Info.plist"; sourceTree = "<group>"; };
		A5C4EF1A12F73A3E00A46734 /* ipswDownloader-Prefix.pch */ = {isa = PBXFileReference; fileEncoding = 4; lastKnownFileType = sourcecode.c.h; path = "ipswDownloader-Prefix.pch"; sourceTree = "<group>"; };
		A5C4EF1B12F73A3E00A46734 /* main.m */ = {isa = PBXFileReference; fileEncoding = 4; lastKnownFileType = sourcecode.c.objc; path = main.m; sourceTree = "<group>"; };
		A5C4EF2012F73A3E00A46734 /* ipswDownloaderAppDelegate.h */ = {isa = PBXFileReference; fileEncoding = 4; lastKnownFileType = sourcecode.c.h; path = ipswDownloaderAppDelegate.h; sourceTree = "<group>"; };
		A5DCC3181375D07200E2F466 /* en */ = {isa = PBXFileReference; fileEncoding = 4; lastKnownFileType = text.plist.strings; name = en; path = en.lproj/Localizable.strings; sourceTree = "<group>"; };
		A5E1F25B1A39E83F00096443 /* libplist.a */ = {isa = PBXFileReference; lastKnownFileType = archive.ar; name = libplist.a; path = "../../Library/Developer/Xcode/DerivedData/ipswDownloader-enemkdbwweewzkanngxbkhjesfqw/Build/Products/Debug/libplist.a"; sourceTree = "<group>"; };
		A5E1F25D1A39E84400096443 /* libusbmuxd.a */ = {isa = PBXFileReference; lastKnownFileType = archive.ar; name = libusbmuxd.a; path = "../../Library/Developer/Xcode/DerivedData/ipswDownloader-enemkdbwweewzkanngxbkhjesfqw/Build/Products/Debug/libusbmuxd.a"; sourceTree = "<group>"; };
		A5E1F2651A39E9FD00096443 /* Sparkle.framework */ = {isa = PBXFileReference; lastKnownFileType = wrapper.framework; name = Sparkle.framework; path = "../../Library/Developer/Xcode/DerivedData/ipswDownloader-enemkdbwweewzkanngxbkhjesfqw/Build/Products/Debug/Sparkle.framework"; sourceTree = "<group>"; };
		A5E3BDDF15A4378900CB865F /* en */ = {isa = PBXFileReference; lastKnownFileType = folder; name = en; path = en.lproj/ipswDownloaderHelp; sourceTree = "<group>"; };
		A5E3BDE915A437A400CB865F /* ru */ = {isa = PBXFileReference; lastKnownFileType = folder; name = ru; path = ru.lproj/ipswDownloaderHelp; sourceTree = "<group>"; };
		A5F9B073168C724900B9D51F /* DeviceInfo.h */ = {isa = PBXFileReference; fileEncoding = 4; lastKnownFileType = sourcecode.c.h; path = DeviceInfo.h; sourceTree = "<group>"; };
		A5F9B074168C724900B9D51F /* DeviceInfo.m */ = {isa = PBXFileReference; fileEncoding = 4; lastKnownFileType = sourcecode.c.objc; path = DeviceInfo.m; sourceTree = "<group>"; };
		A5F9B075168C724900B9D51F /* DeviceInfo.xib */ = {isa = PBXFileReference; fileEncoding = 4; lastKnownFileType = file.xib; path = DeviceInfo.xib; sourceTree = "<group>"; };
		A5F9B07F168CA8B800B9D51F /* NSColoredView.h */ = {isa = PBXFileReference; fileEncoding = 4; lastKnownFileType = sourcecode.c.h; path = NSColoredView.h; sourceTree = "<group>"; };
		A5F9B080168CA8B800B9D51F /* NSColoredView.m */ = {isa = PBXFileReference; fileEncoding = 4; lastKnownFileType = sourcecode.c.objc; path = NSColoredView.m; sourceTree = "<group>"; };
		A5FA0E2B136489820084A0A8 /* AudioToolbox.framework */ = {isa = PBXFileReference; lastKnownFileType = wrapper.framework; name = AudioToolbox.framework; path = System/Library/Frameworks/AudioToolbox.framework; sourceTree = SDKROOT; };
		A5FD5698134CF0EC00D2488D /* SystemConfiguration.framework */ = {isa = PBXFileReference; lastKnownFileType = wrapper.framework; name = SystemConfiguration.framework; path = System/Library/Frameworks/SystemConfiguration.framework; sourceTree = SDKROOT; };
/* End PBXFileReference section */

/* Begin PBXFrameworksBuildPhase section */
		A5C4EF0712F73A3E00A46734 /* Frameworks */ = {
			isa = PBXFrameworksBuildPhase;
			buildActionMask = 2147483647;
			files = (
				A5302A131A444025005DB6A0 /* libZipArchive-mac.a in Frameworks */,
				A5302A111A444009005DB6A0 /* libimobiledevice in Frameworks */,
				A5E1F2661A39E9FD00096443 /* Sparkle.framework in Frameworks */,
				A589272C16A5A52800063E09 /* Growl.framework in Frameworks */,
				A585C26C14B9F678004CEC78 /* Security.framework in Frameworks */,
				A5FA0E2C136489820084A0A8 /* AudioToolbox.framework in Frameworks */,
				A5FD5699134CF0EC00D2488D /* SystemConfiguration.framework in Frameworks */,
				A5C4EF0F12F73A3E00A46734 /* Cocoa.framework in Frameworks */,
			);
			runOnlyForDeploymentPostprocessing = 0;
		};
/* End PBXFrameworksBuildPhase section */

/* Begin PBXGroup section */
		A5302A561A445B36005DB6A0 /* JAAIOSDeviceInfo */ = {
			isa = PBXGroup;
			children = (
				A5302A571A445B36005DB6A0 /* JAAIOSDeviceInfoManager.h */,
				A5302A581A445B36005DB6A0 /* JAAIOSDeviceInfoManager.m */,
			);
			name = JAAIOSDeviceInfo;
			path = External/JAAIOSDeviceInfo/JAAIOSDeviceInfo;
			sourceTree = SOURCE_ROOT;
		};
		A551C60F13E7287A00ADE661 /* Resources */ = {
			isa = PBXGroup;
			children = (
				A5836825195B286400828D32 /* _MASReceipt */,
				A5836827195B286400828D32 /* Credits.rtf */,
				A5836828195B286400828D32 /* indicators */,
				A51C38A1181806C700F1AC8D /* Images.xcassets */,
				A53C748115E38D1300E82A75 /* ipswDownloader.entitlements */,
				A5E3BDDE15A4378900CB865F /* ipswDownloaderHelp */,
				A5690E8E17CDF78900906610 /* XIB */,
				A551C60D13E7285A00ADE661 /* dsa_pub.pem */,
				A5DCC3171375D07200E2F466 /* Localizable.strings */,
			);
			name = Resources;
			path = ipswDownloader;
			sourceTree = "<group>";
		};
		A554D22917CCB84F00DBE617 /* LBProgressBar */ = {
			isa = PBXGroup;
			children = (
				A554D23417CCB84F00DBE617 /* LBProgressBar.h */,
				A554D23517CCB84F00DBE617 /* LBProgressBar.m */,
			);
			name = LBProgressBar;
			path = External/LBProgressBar/LBProgressBar;
			sourceTree = SOURCE_ROOT;
		};
		A5690E8E17CDF78900906610 /* XIB */ = {
			isa = PBXGroup;
			children = (
				A501D4CF1507A8B3003D9386 /* MainMenu.xib */,
				A5F9B075168C724900B9D51F /* DeviceInfo.xib */,
				A583682D195B286400828D32 /* Preference.xib */,
			);
			name = XIB;
			sourceTree = "<group>";
		};
		A57BDB2516304FE700215237 /* Helper */ = {
			isa = PBXGroup;
			children = (
				A57BDB2616304FE700215237 /* IPSWInfoHelper.h */,
				A57BDB2716304FE700215237 /* IPSWInfoHelper.m */,
				A57BDB2816304FE700215237 /* plistParser.h */,
				A57BDB2916304FE700215237 /* plistParser.m */,
				A57BDB2A16304FE700215237 /* sha1.h */,
				A57BDB2B16304FE700215237 /* URLHelper.h */,
				A57BDB2C16304FE700215237 /* URLHelper.m */,
			);
			path = Helper;
			sourceTree = "<group>";
		};
		A57BDB301630501500215237 /* Cells */ = {
			isa = PBXGroup;
			children = (
				A57BDB311630501500215237 /* Item.h */,
				A57BDB321630501500215237 /* Item.m */,
				A57BDB331630501500215237 /* ItemCellView.h */,
				A57BDB341630501500215237 /* ItemCellView.m */,
			);
			path = Cells;
			sourceTree = "<group>";
		};
		A57BDB371630503A00215237 /* Preference */ = {
			isa = PBXGroup;
			children = (
				A57BDB381630503A00215237 /* PreferenceController.h */,
				A57BDB391630503A00215237 /* PreferenceController.m */,
			);
			path = Preference;
			sourceTree = "<group>";
		};
		A5836825195B286400828D32 /* _MASReceipt */ = {
			isa = PBXGroup;
			children = (
				A5836826195B286400828D32 /* receipt */,
			);
			name = _MASReceipt;
			path = Resources/_MASReceipt;
			sourceTree = "<group>";
		};
		A5836828195B286400828D32 /* indicators */ = {
			isa = PBXGroup;
			children = (
				A5836829195B286400828D32 /* none.pdf */,
				A583682A195B286400828D32 /* off.pdf */,
				A583682B195B286400828D32 /* on.pdf */,
				A583682C195B286400828D32 /* tether.pdf */,
			);
			name = indicators;
			path = Resources/indicators;
			sourceTree = "<group>";
		};
		A58926AA16A5A3D100063E09 /* Reachability */ = {
			isa = PBXGroup;
			children = (
				A58926CC16A5A3D100063E09 /* Reachability.h */,
				A58926CD16A5A3D100063E09 /* Reachability.m */,
			);
			name = Reachability;
			path = External/Reachability;
			sourceTree = SOURCE_ROOT;
		};
		A5C4EEFF12F73A3D00A46734 = {
			isa = PBXGroup;
			children = (
				A5D5CF1D137092B2004325AD /* External */,
				A5C4EF1412F73A3E00A46734 /* ipswDownloader */,
				A5C4EF1512F73A3E00A46734 /* Supporting Files */,
				A5C4EF0D12F73A3E00A46734 /* Frameworks */,
				A551C60F13E7287A00ADE661 /* Resources */,
				A5C4EF0B12F73A3E00A46734 /* Products */,
			);
			sourceTree = "<group>";
		};
		A5C4EF0B12F73A3E00A46734 /* Products */ = {
			isa = PBXGroup;
			children = (
				A5C4EF0A12F73A3E00A46734 /* ipswDownloader.app */,
			);
			name = Products;
			sourceTree = "<group>";
		};
		A5C4EF0D12F73A3E00A46734 /* Frameworks */ = {
			isa = PBXGroup;
			children = (
				A5302A121A444025005DB6A0 /* libZipArchive-mac.a */,
				A5302A101A444009005DB6A0 /* libimobiledevice */,
				A5E1F2651A39E9FD00096443 /* Sparkle.framework */,
				A5E1F25D1A39E84400096443 /* libusbmuxd.a */,
				A5E1F25B1A39E83F00096443 /* libplist.a */,
				A5C4EF1212F73A3E00A46734 /* CoreData.framework */,
				A5C4EF1312F73A3E00A46734 /* Foundation.framework */,
				A585C26B14B9F678004CEC78 /* Security.framework */,
				A5FA0E2B136489820084A0A8 /* AudioToolbox.framework */,
				A5FD5698134CF0EC00D2488D /* SystemConfiguration.framework */,
				A5C4EF0E12F73A3E00A46734 /* Cocoa.framework */,
				A5C4EF1012F73A3E00A46734 /* Other Frameworks */,
			);
			name = Frameworks;
			sourceTree = "<group>";
		};
		A5C4EF1012F73A3E00A46734 /* Other Frameworks */ = {
			isa = PBXGroup;
			children = (
				A589272B16A5A52800063E09 /* Growl.framework */,
				A5C4EF1112F73A3E00A46734 /* AppKit.framework */,
			);
			name = "Other Frameworks";
			sourceTree = "<group>";
		};
		A5C4EF1412F73A3E00A46734 /* ipswDownloader */ = {
			isa = PBXGroup;
			children = (
				A5F9B07D168CA88700B9D51F /* CustomView */,
				A57BDB371630503A00215237 /* Preference */,
				A57BDB301630501500215237 /* Cells */,
				A57BDB2516304FE700215237 /* Helper */,
				A5C4EF2012F73A3E00A46734 /* ipswDownloaderAppDelegate.h */,
				A5B8FF111353A0D9006091F4 /* ipswDownloaderAppDelegate.m */,
				A59969F1167F3E9500374C31 /* MobileDeviceServer.h */,
				A59969F2167F3E9500374C31 /* MobileDeviceServer.m */,
				A582F25A14FF78A70018372A /* DownloadsManager.h */,
				A582F25B14FF78A70018372A /* DownloadsManager.m */,
				A5F9B073168C724900B9D51F /* DeviceInfo.h */,
				A5F9B074168C724900B9D51F /* DeviceInfo.m */,
			);
			path = ipswDownloader;
			sourceTree = "<group>";
		};
		A5C4EF1512F73A3E00A46734 /* Supporting Files */ = {
			isa = PBXGroup;
			children = (
				A5C4EF1612F73A3E00A46734 /* ipswDownloader-Info.plist */,
				A5C4EF1A12F73A3E00A46734 /* ipswDownloader-Prefix.pch */,
				A5C4EF1B12F73A3E00A46734 /* main.m */,
			);
			name = "Supporting Files";
			path = ipswDownloader;
			sourceTree = "<group>";
		};
		A5D5CF1D137092B2004325AD /* External */ = {
			isa = PBXGroup;
			children = (
				A5302A561A445B36005DB6A0 /* JAAIOSDeviceInfo */,
				A554D22917CCB84F00DBE617 /* LBProgressBar */,
				A58926AA16A5A3D100063E09 /* Reachability */,
				A5D5CF1E137092B2004325AD /* ASIHTTPRequest */,
			);
			name = External;
			path = ipswDownloader/External;
			sourceTree = "<group>";
		};
		A5D5CF1E137092B2004325AD /* ASIHTTPRequest */ = {
			isa = PBXGroup;
			children = (
				A589269016A5A31400063E09 /* ASICacheDelegate.h */,
				A589269116A5A31400063E09 /* ASIDataCompressor.h */,
				A589269216A5A31400063E09 /* ASIDataCompressor.m */,
				A589269316A5A31400063E09 /* ASIDataDecompressor.h */,
				A589269416A5A31400063E09 /* ASIDataDecompressor.m */,
				A589269916A5A31400063E09 /* ASIHTTPRequest.h */,
				A589269A16A5A31400063E09 /* ASIHTTPRequest.m */,
				A589269B16A5A31400063E09 /* ASIHTTPRequestConfig.h */,
				A589269C16A5A31400063E09 /* ASIHTTPRequestDelegate.h */,
				A589269D16A5A31400063E09 /* ASIInputStream.h */,
				A589269E16A5A31400063E09 /* ASIInputStream.m */,
				A589269F16A5A31400063E09 /* ASINetworkQueue.h */,
				A58926A016A5A31400063E09 /* ASINetworkQueue.m */,
				A58926A116A5A31400063E09 /* ASIProgressDelegate.h */,
			);
			path = ASIHTTPRequest;
			sourceTree = "<group>";
		};
		A5F9B07D168CA88700B9D51F /* CustomView */ = {
			isa = PBXGroup;
			children = (
				A5F9B07F168CA8B800B9D51F /* NSColoredView.h */,
				A5F9B080168CA8B800B9D51F /* NSColoredView.m */,
			);
			path = CustomView;
			sourceTree = "<group>";
		};
/* End PBXGroup section */

/* Begin PBXNativeTarget section */
		A5C4EF0912F73A3E00A46734 /* ipswDownloader */ = {
			isa = PBXNativeTarget;
			buildConfigurationList = A5C4EF3A12F73A3E00A46734 /* Build configuration list for PBXNativeTarget "ipswDownloader" */;
			buildPhases = (
				A5C4EF0612F73A3E00A46734 /* Sources */,
				A5C4EF0712F73A3E00A46734 /* Frameworks */,
				A5C4EF0812F73A3E00A46734 /* Resources */,
				A5B8FF0B135396A9006091F4 /* Copy Frameworks */,
				A518815115AB2B0400A246D2 /* CopyFiles */,
			);
			buildRules = (
			);
			dependencies = (
			);
			name = ipswDownloader;
			productName = ipswDownloader;
			productReference = A5C4EF0A12F73A3E00A46734 /* ipswDownloader.app */;
			productType = "com.apple.product-type.application";
		};
/* End PBXNativeTarget section */

/* Begin PBXProject section */
		A5C4EF0112F73A3D00A46734 /* Project object */ = {
			isa = PBXProject;
			attributes = {
				LastUpgradeCheck = 0510;
			};
			buildConfigurationList = A5C4EF0412F73A3D00A46734 /* Build configuration list for PBXProject "ipswDownloader" */;
			compatibilityVersion = "Xcode 3.2";
			developmentRegion = English;
			hasScannedForEncodings = 0;
			knownRegions = (
				en,
				ru,
				el,
				uk,
				it,
				de,
				es,
				fr,
				ja,
				da,
				ar,
				ca,
				cs,
				cy,
				fi,
				he,
				hu,
				id,
				is,
				ko,
				nl,
				no,
				pl,
				"pt-BR",
				pt_BR,
				pt_PT,
				ro,
				sk,
				sl,
				sv,
				English,
				th,
				tr,
				zh_CN,
				zh_TW,
			);
			mainGroup = A5C4EEFF12F73A3D00A46734;
			productRefGroup = A5C4EF0B12F73A3E00A46734 /* Products */;
			projectDirPath = "";
			projectRoot = "";
			targets = (
				A5C4EF0912F73A3E00A46734 /* ipswDownloader */,
			);
		};
/* End PBXProject section */

/* Begin PBXResourcesBuildPhase section */
		A5C4EF0812F73A3E00A46734 /* Resources */ = {
			isa = PBXResourcesBuildPhase;
			buildActionMask = 2147483647;
			files = (
				A5836834195B286400828D32 /* Preference.xib in Resources */,
				A5DCC3191375D07200E2F466 /* Localizable.strings in Resources */,
				A5836831195B286400828D32 /* off.pdf in Resources */,
				A551C60E13E7285A00ADE661 /* dsa_pub.pem in Resources */,
				A583682F195B286400828D32 /* Credits.rtf in Resources */,
				A5836832195B286400828D32 /* on.pdf in Resources */,
				A501D4D11507A8B3003D9386 /* MainMenu.xib in Resources */,
				A51C38A2181806C700F1AC8D /* Images.xcassets in Resources */,
				A575D07315A451AE0072734F /* ipswDownloaderHelp in Resources */,
				A5F9B077168C724900B9D51F /* DeviceInfo.xib in Resources */,
				A5836833195B286400828D32 /* tether.pdf in Resources */,
				A5836830195B286400828D32 /* none.pdf in Resources */,
			);
			runOnlyForDeploymentPostprocessing = 0;
		};
/* End PBXResourcesBuildPhase section */

/* Begin PBXSourcesBuildPhase section */
		A5C4EF0612F73A3E00A46734 /* Sources */ = {
			isa = PBXSourcesBuildPhase;
			buildActionMask = 2147483647;
			files = (
				A5B8FF121353A0D9006091F4 /* ipswDownloaderAppDelegate.m in Sources */,
				A577289913E8228700C9AB51 /* main.m in Sources */,
				A582F25C14FF78A70018372A /* DownloadsManager.m in Sources */,
				A57BDB2D16304FE700215237 /* IPSWInfoHelper.m in Sources */,
				A57BDB2E16304FE700215237 /* plistParser.m in Sources */,
				A57BDB2F16304FE700215237 /* URLHelper.m in Sources */,
				A57BDB351630501500215237 /* Item.m in Sources */,
				A57BDB361630501500215237 /* ItemCellView.m in Sources */,
				A57BDB3A1630503A00215237 /* PreferenceController.m in Sources */,
				A59969F3167F3E9500374C31 /* MobileDeviceServer.m in Sources */,
				A5F9B076168C724900B9D51F /* DeviceInfo.m in Sources */,
				A5F9B081168CA8B800B9D51F /* NSColoredView.m in Sources */,
				A58926A316A5A31500063E09 /* ASIDataCompressor.m in Sources */,
				A58926A416A5A31500063E09 /* ASIDataDecompressor.m in Sources */,
				A5302A591A445B36005DB6A0 /* JAAIOSDeviceInfoManager.m in Sources */,
				A58926A716A5A31500063E09 /* ASIHTTPRequest.m in Sources */,
				A58926A816A5A31500063E09 /* ASIInputStream.m in Sources */,
				A58926A916A5A31500063E09 /* ASINetworkQueue.m in Sources */,
				A58926E516A5A3D100063E09 /* Reachability.m in Sources */,
				A554D23E17CCB84F00DBE617 /* LBProgressBar.m in Sources */,
			);
			runOnlyForDeploymentPostprocessing = 0;
		};
/* End PBXSourcesBuildPhase section */

/* Begin PBXVariantGroup section */
		A501D4CF1507A8B3003D9386 /* MainMenu.xib */ = {
			isa = PBXVariantGroup;
			children = (
				A501D4D01507A8B3003D9386 /* en */,
				A5AE014815335BD1001F72B9 /* ar */,
				A5AE014B15335BE3001F72B9 /* da */,
				A5AE014D15335BF0001F72B9 /* de */,
				A5AE014F15335BFC001F72B9 /* el */,
				A5AE015815335C21001F72B9 /* es */,
				A5AE015A15335C39001F72B9 /* fr */,
				A5AE015C15335C4B001F72B9 /* it */,
				A5AE015E15335C57001F72B9 /* ja */,
				A5AE016015335C65001F72B9 /* ru */,
			);
			name = MainMenu.xib;
			sourceTree = "<group>";
		};
		A5DCC3171375D07200E2F466 /* Localizable.strings */ = {
			isa = PBXVariantGroup;
			children = (
				A5DCC3181375D07200E2F466 /* en */,
				A5A8271D1381C57C003F0CCE /* el */,
				A5A8271E1381C57C003F0CCE /* ru */,
				A5A8271F1381C57C003F0CCE /* it */,
				A5A827201381C57C003F0CCE /* de */,
				A5A827211381C57C003F0CCE /* ja */,
				A5A827221381C5E3003F0CCE /* es */,
				A5A827231381C5E9003F0CCE /* fr */,
				A59E695113E8451A0024AB3C /* da */,
				A59E695213E8451E0024AB3C /* ar */,
			);
			name = Localizable.strings;
			sourceTree = "<group>";
		};
		A5E3BDDE15A4378900CB865F /* ipswDownloaderHelp */ = {
			isa = PBXVariantGroup;
			children = (
				A5E3BDDF15A4378900CB865F /* en */,
				A5E3BDE915A437A400CB865F /* ru */,
				A520A8971647C15300C8D207 /* it */,
				A520A8981647C15300C8D207 /* ar */,
				A520A8991647C15400C8D207 /* da */,
				A520A89A1647C15400C8D207 /* de */,
				A520A89B1647C15500C8D207 /* el */,
				A520A89C1647C15500C8D207 /* es */,
				A520A89D1647C15600C8D207 /* fr */,
				A520A89E1647C15600C8D207 /* ja */,
			);
			name = ipswDownloaderHelp;
			sourceTree = "<group>";
		};
/* End PBXVariantGroup section */

/* Begin XCBuildConfiguration section */
		A5C4EF3812F73A3E00A46734 /* Debug */ = {
			isa = XCBuildConfiguration;
			buildSettings = {
				CODE_SIGN_IDENTITY = "IGR Software";
				GCC_OPTIMIZATION_LEVEL = 0;
				GCC_PREPROCESSOR_DEFINITIONS = DEBUG;
				GCC_WARN_ABOUT_RETURN_TYPE = YES;
				GCC_WARN_CHECK_SWITCH_STATEMENTS = NO;
				GCC_WARN_UNUSED_VARIABLE = YES;
				MACOSX_DEPLOYMENT_TARGET = 10.7;
				ONLY_ACTIVE_ARCH = YES;
				SDKROOT = macosx;
			};
			name = Debug;
		};
		A5C4EF3912F73A3E00A46734 /* Release */ = {
			isa = XCBuildConfiguration;
			buildSettings = {
				CODE_SIGN_IDENTITY = "IGR Software";
				GCC_WARN_ABOUT_RETURN_TYPE = YES;
				GCC_WARN_CHECK_SWITCH_STATEMENTS = NO;
				GCC_WARN_UNUSED_VARIABLE = YES;
				MACOSX_DEPLOYMENT_TARGET = 10.7;
				SDKROOT = macosx;
			};
			name = Release;
		};
		A5C4EF3B12F73A3E00A46734 /* Debug */ = {
			isa = XCBuildConfiguration;
			buildSettings = {
				ASSETCATALOG_COMPILER_APPICON_NAME = AppIcon;
				CLANG_ENABLE_OBJC_ARC = YES;
				COMBINE_HIDPI_IMAGES = YES;
				COPY_PHASE_STRIP = NO;
				FRAMEWORK_SEARCH_PATHS = (
					"\"$(SRCROOT)/Frameworks\"",
					"$(CONFIGURATION_BUILD_DIR)",
				);
				GCC_PRECOMPILE_PREFIX_HEADER = YES;
				GCC_PREFIX_HEADER = "ipswDownloader/ipswDownloader-Prefix.pch";
				GCC_PREPROCESSOR_DEFINITIONS = (
					DEBUG,
					ASI_DEBUG_LOG,
					HAVE_OPENSSL,
					HAVE_VASPRINTF,
					HAVE_ASPRINTF,
					HAVE_LANGINFO_CODESET,
					HAVE_STPCPY,
				);
				HEADER_SEARCH_PATHS = (
					"\"$(SDKROOT)/usr/include/openssl\"",
					"\"$(SRCROOT)/External/ZipArchive\"",
					"\"$(CONFIGURATION_BUILD_DIR)/include\"",
				);
				INFOPLIST_FILE = "ipswDownloader/ipswDownloader-Info.plist";
				INSTALL_PATH = /Applications;
				LIBRARY_SEARCH_PATHS = (
					"$(CONFIGURATION_BUILD_DIR)",
					"$(USER_LIBRARY_DIR)/Developer/Xcode/DerivedData/ipswDownloader-enemkdbwweewzkanngxbkhjesfqw/Build/Products/Debug",
				);
				OTHER_LDFLAGS = (
					"-lcrypto",
					"-lssl",
					"-lz",
					"-lxml2",
				);
				PRODUCT_NAME = "$(TARGET_NAME)";
				WRAPPER_EXTENSION = app;
			};
			name = Debug;
		};
		A5C4EF3C12F73A3E00A46734 /* Release */ = {
			isa = XCBuildConfiguration;
			buildSettings = {
				ASSETCATALOG_COMPILER_APPICON_NAME = AppIcon;
				CLANG_ENABLE_OBJC_ARC = YES;
				COMBINE_HIDPI_IMAGES = YES;
				COPY_PHASE_STRIP = NO;
				DEBUG_INFORMATION_FORMAT = "dwarf-with-dsym";
				FRAMEWORK_SEARCH_PATHS = (
					"\"$(SRCROOT)/Frameworks\"",
					"$(CONFIGURATION_BUILD_DIR)",
				);
				GCC_PRECOMPILE_PREFIX_HEADER = YES;
				GCC_PREFIX_HEADER = "ipswDownloader/ipswDownloader-Prefix.pch";
				GCC_PREPROCESSOR_DEFINITIONS = (
					HAVE_OPENSSL,
					HAVE_VASPRINTF,
					HAVE_ASPRINTF,
					HAVE_LANGINFO_CODESET,
					HAVE_STPCPY,
				);
				HEADER_SEARCH_PATHS = (
					"\"$(SDKROOT)/usr/include/openssl\"",
					"\"$(SRCROOT)/External/ZipArchive\"",
					"\"$(CONFIGURATION_BUILD_DIR)/include\"",
				);
				INFOPLIST_FILE = "ipswDownloader/ipswDownloader-Info.plist";
				INSTALL_PATH = /Applications;
				LIBRARY_SEARCH_PATHS = (
					"$(CONFIGURATION_BUILD_DIR)",
					"$(USER_LIBRARY_DIR)/Developer/Xcode/DerivedData/ipswDownloader-enemkdbwweewzkanngxbkhjesfqw/Build/Products/Debug",
				);
				OTHER_LDFLAGS = (
					"-lcrypto",
					"-lssl",
					"-lz",
					"-lxml2",
				);
				PRODUCT_NAME = "$(TARGET_NAME)";
				WRAPPER_EXTENSION = app;
			};
			name = Release;
		};
/* End XCBuildConfiguration section */

/* Begin XCConfigurationList section */
		A5C4EF0412F73A3D00A46734 /* Build configuration list for PBXProject "ipswDownloader" */ = {
			isa = XCConfigurationList;
			buildConfigurations = (
				A5C4EF3812F73A3E00A46734 /* Debug */,
				A5C4EF3912F73A3E00A46734 /* Release */,
			);
			defaultConfigurationIsVisible = 0;
			defaultConfigurationName = Release;
		};
		A5C4EF3A12F73A3E00A46734 /* Build configuration list for PBXNativeTarget "ipswDownloader" */ = {
			isa = XCConfigurationList;
			buildConfigurations = (
				A5C4EF3B12F73A3E00A46734 /* Debug */,
				A5C4EF3C12F73A3E00A46734 /* Release */,
			);
			defaultConfigurationIsVisible = 0;
			defaultConfigurationName = Release;
		};
/* End XCConfigurationList section */
	};
	rootObject = A5C4EF0112F73A3D00A46734 /* Project object */;
}
